// !$*UTF8*$!
{
	archiveVersion = 1;
	classes = {
	};
	objectVersion = 50;
	objects = {

/* Begin PBXBuildFile section */
		1E0567542271DD0C00C0E136 /* GoogleService-Info.plist in Resources */ = {isa = PBXBuildFile; fileRef = 1E0567532271DD0C00C0E136 /* GoogleService-Info.plist */; };
		1E0567642271DE4200C0E136 /* awesomeness.wav in Resources */ = {isa = PBXBuildFile; fileRef = 1E05675B2271DE4200C0E136 /* awesomeness.wav */; };
		1E0567652271DE4200C0E136 /* denied.wav in Resources */ = {isa = PBXBuildFile; fileRef = 1E05675C2271DE4200C0E136 /* denied.wav */; };
		1E0567662271DE4200C0E136 /* incorrect.wav in Resources */ = {isa = PBXBuildFile; fileRef = 1E05675D2271DE4200C0E136 /* incorrect.wav */; };
		1E0567672271DE4200C0E136 /* victory.mp3 in Resources */ = {isa = PBXBuildFile; fileRef = 1E05675E2271DE4200C0E136 /* victory.mp3 */; };
		1E0567682271DE4200C0E136 /* incorrect.aiff in Resources */ = {isa = PBXBuildFile; fileRef = 1E05675F2271DE4200C0E136 /* incorrect.aiff */; };
		1E0567692271DE4200C0E136 /* card_flip.wav in Resources */ = {isa = PBXBuildFile; fileRef = 1E0567602271DE4200C0E136 /* card_flip.wav */; };
		1E05676A2271DE4200C0E136 /* defeat.wav in Resources */ = {isa = PBXBuildFile; fileRef = 1E0567612271DE4200C0E136 /* defeat.wav */; };
		1E05676B2271DE4200C0E136 /* correct.wav in Resources */ = {isa = PBXBuildFile; fileRef = 1E0567622271DE4200C0E136 /* correct.wav */; };
		1E05676C2271DE4200C0E136 /* combo.mp3 in Resources */ = {isa = PBXBuildFile; fileRef = 1E0567632271DE4200C0E136 /* combo.mp3 */; };
		1E16FC752237E10300132EB3 /* AppDelegate.swift in Sources */ = {isa = PBXBuildFile; fileRef = 1E16FC742237E10300132EB3 /* AppDelegate.swift */; };
		1E16FC772237E10300132EB3 /* GameScene.sks in Resources */ = {isa = PBXBuildFile; fileRef = 1E16FC762237E10300132EB3 /* GameScene.sks */; };
		1E16FC792237E10300132EB3 /* Actions.sks in Resources */ = {isa = PBXBuildFile; fileRef = 1E16FC782237E10300132EB3 /* Actions.sks */; };
		1E16FC7B2237E10300132EB3 /* GameScene.swift in Sources */ = {isa = PBXBuildFile; fileRef = 1E16FC7A2237E10300132EB3 /* GameScene.swift */; };
		1E16FC7D2237E10300132EB3 /* GameViewController.swift in Sources */ = {isa = PBXBuildFile; fileRef = 1E16FC7C2237E10300132EB3 /* GameViewController.swift */; };
		1E16FC802237E10300132EB3 /* Main.storyboard in Resources */ = {isa = PBXBuildFile; fileRef = 1E16FC7E2237E10300132EB3 /* Main.storyboard */; };
		1E16FC822237E10400132EB3 /* Assets.xcassets in Resources */ = {isa = PBXBuildFile; fileRef = 1E16FC812237E10400132EB3 /* Assets.xcassets */; };
		1E16FC852237E10400132EB3 /* LaunchScreen.storyboard in Resources */ = {isa = PBXBuildFile; fileRef = 1E16FC832237E10400132EB3 /* LaunchScreen.storyboard */; };
		1E16FC8D2237E16C00132EB3 /* Button.swift in Sources */ = {isa = PBXBuildFile; fileRef = 1E16FC8C2237E16C00132EB3 /* Button.swift */; };
		1E16FC8F2237E21100132EB3 /* MenuScene.swift in Sources */ = {isa = PBXBuildFile; fileRef = 1E16FC8E2237E21100132EB3 /* MenuScene.swift */; };
		1E16FC912237E94600132EB3 /* ImageButton.swift in Sources */ = {isa = PBXBuildFile; fileRef = 1E16FC902237E94600132EB3 /* ImageButton.swift */; };
		1E222144225F69DC0061F0B2 /* Difficulty.swift in Sources */ = {isa = PBXBuildFile; fileRef = 1E222143225F69DC0061F0B2 /* Difficulty.swift */; };
		1E222146225F73900061F0B2 /* AudioController.swift in Sources */ = {isa = PBXBuildFile; fileRef = 1E222145225F73900061F0B2 /* AudioController.swift */; };
		1E32A1772243C631000AADAA /* GameLogic.swift in Sources */ = {isa = PBXBuildFile; fileRef = 1E32A1762243C631000AADAA /* GameLogic.swift */; };
		1E32A1792243C707000AADAA /* Card.swift in Sources */ = {isa = PBXBuildFile; fileRef = 1E32A1782243C707000AADAA /* Card.swift */; };
		1E4B1BE3224E547000500F86 /* preferences.swift in Sources */ = {isa = PBXBuildFile; fileRef = 1E4B1BE2224E547000500F86 /* preferences.swift */; };
		1EDF2946223A8E1900B4F56A /* SettingsScene.swift in Sources */ = {isa = PBXBuildFile; fileRef = 1EDF2945223A8E1900B4F56A /* SettingsScene.swift */; };
		1EDF2948223A9B1E00B4F56A /* CardSprite.swift in Sources */ = {isa = PBXBuildFile; fileRef = 1EDF2947223A9B1E00B4F56A /* CardSprite.swift */; };
		3E6DE717C6C5A601CFC60068 /* Pods_Memory.framework in Frameworks */ = {isa = PBXBuildFile; fileRef = 3CFA092481931CF9C21990FB /* Pods_Memory.framework */; };
/* End PBXBuildFile section */

/* Begin PBXFileReference section */
		14D9104518B2D8F555E2BE53 /* Pods-Memory.release.xcconfig */ = {isa = PBXFileReference; includeInIndex = 1; lastKnownFileType = text.xcconfig; name = "Pods-Memory.release.xcconfig"; path = "Target Support Files/Pods-Memory/Pods-Memory.release.xcconfig"; sourceTree = "<group>"; };
		1E0567532271DD0C00C0E136 /* GoogleService-Info.plist */ = {isa = PBXFileReference; fileEncoding = 4; lastKnownFileType = text.plist.xml; name = "GoogleService-Info.plist"; path = "../../../../Downloads/GoogleService-Info.plist"; sourceTree = "<group>"; };
		1E05675B2271DE4200C0E136 /* awesomeness.wav */ = {isa = PBXFileReference; lastKnownFileType = audio.wav; name = awesomeness.wav; path = ../../../../../Downloads/awesomeness.wav; sourceTree = "<group>"; };
		1E05675C2271DE4200C0E136 /* denied.wav */ = {isa = PBXFileReference; lastKnownFileType = audio.wav; name = denied.wav; path = ../../../../../Downloads/denied.wav; sourceTree = "<group>"; };
		1E05675D2271DE4200C0E136 /* incorrect.wav */ = {isa = PBXFileReference; lastKnownFileType = audio.wav; name = incorrect.wav; path = ../../../../../Downloads/incorrect.wav; sourceTree = "<group>"; };
		1E05675E2271DE4200C0E136 /* victory.mp3 */ = {isa = PBXFileReference; lastKnownFileType = audio.mp3; name = victory.mp3; path = ../../../../../Downloads/victory.mp3; sourceTree = "<group>"; };
		1E05675F2271DE4200C0E136 /* incorrect.aiff */ = {isa = PBXFileReference; lastKnownFileType = audio.aiff; name = incorrect.aiff; path = ../../../../../Downloads/incorrect.aiff; sourceTree = "<group>"; };
		1E0567602271DE4200C0E136 /* card_flip.wav */ = {isa = PBXFileReference; lastKnownFileType = audio.wav; name = card_flip.wav; path = ../../../../../Downloads/card_flip.wav; sourceTree = "<group>"; };
		1E0567612271DE4200C0E136 /* defeat.wav */ = {isa = PBXFileReference; lastKnownFileType = audio.wav; name = defeat.wav; path = ../../../../../Downloads/defeat.wav; sourceTree = "<group>"; };
		1E0567622271DE4200C0E136 /* correct.wav */ = {isa = PBXFileReference; lastKnownFileType = audio.wav; name = correct.wav; path = ../../../../../Downloads/correct.wav; sourceTree = "<group>"; };
		1E0567632271DE4200C0E136 /* combo.mp3 */ = {isa = PBXFileReference; lastKnownFileType = audio.mp3; name = combo.mp3; path = ../../../../../Downloads/combo.mp3; sourceTree = "<group>"; };
		1E16FC712237E10300132EB3 /* Memory.app */ = {isa = PBXFileReference; explicitFileType = wrapper.application; includeInIndex = 0; path = Memory.app; sourceTree = BUILT_PRODUCTS_DIR; };
		1E16FC742237E10300132EB3 /* AppDelegate.swift */ = {isa = PBXFileReference; lastKnownFileType = sourcecode.swift; path = AppDelegate.swift; sourceTree = "<group>"; };
		1E16FC762237E10300132EB3 /* GameScene.sks */ = {isa = PBXFileReference; lastKnownFileType = file.sks; path = GameScene.sks; sourceTree = "<group>"; };
		1E16FC782237E10300132EB3 /* Actions.sks */ = {isa = PBXFileReference; lastKnownFileType = file.sks; path = Actions.sks; sourceTree = "<group>"; };
		1E16FC7A2237E10300132EB3 /* GameScene.swift */ = {isa = PBXFileReference; lastKnownFileType = sourcecode.swift; path = GameScene.swift; sourceTree = "<group>"; };
		1E16FC7C2237E10300132EB3 /* GameViewController.swift */ = {isa = PBXFileReference; lastKnownFileType = sourcecode.swift; path = GameViewController.swift; sourceTree = "<group>"; };
		1E16FC7F2237E10300132EB3 /* Base */ = {isa = PBXFileReference; lastKnownFileType = file.storyboard; name = Base; path = Base.lproj/Main.storyboard; sourceTree = "<group>"; };
		1E16FC812237E10400132EB3 /* Assets.xcassets */ = {isa = PBXFileReference; lastKnownFileType = folder.assetcatalog; path = Assets.xcassets; sourceTree = "<group>"; };
		1E16FC842237E10400132EB3 /* Base */ = {isa = PBXFileReference; lastKnownFileType = file.storyboard; name = Base; path = Base.lproj/LaunchScreen.storyboard; sourceTree = "<group>"; };
		1E16FC862237E10400132EB3 /* Info.plist */ = {isa = PBXFileReference; lastKnownFileType = text.plist.xml; path = Info.plist; sourceTree = "<group>"; };
		1E16FC8C2237E16C00132EB3 /* Button.swift */ = {isa = PBXFileReference; lastKnownFileType = sourcecode.swift; path = Button.swift; sourceTree = "<group>"; };
		1E16FC8E2237E21100132EB3 /* MenuScene.swift */ = {isa = PBXFileReference; lastKnownFileType = sourcecode.swift; path = MenuScene.swift; sourceTree = "<group>"; };
		1E16FC902237E94600132EB3 /* ImageButton.swift */ = {isa = PBXFileReference; lastKnownFileType = sourcecode.swift; path = ImageButton.swift; sourceTree = "<group>"; };
		1E222143225F69DC0061F0B2 /* Difficulty.swift */ = {isa = PBXFileReference; lastKnownFileType = sourcecode.swift; path = Difficulty.swift; sourceTree = "<group>"; };
		1E222145225F73900061F0B2 /* AudioController.swift */ = {isa = PBXFileReference; lastKnownFileType = sourcecode.swift; path = AudioController.swift; sourceTree = "<group>"; };
		1E32A1762243C631000AADAA /* GameLogic.swift */ = {isa = PBXFileReference; lastKnownFileType = sourcecode.swift; path = GameLogic.swift; sourceTree = "<group>"; };
		1E32A1782243C707000AADAA /* Card.swift */ = {isa = PBXFileReference; lastKnownFileType = sourcecode.swift; path = Card.swift; sourceTree = "<group>"; };
		1E4B1BE2224E547000500F86 /* preferences.swift */ = {isa = PBXFileReference; lastKnownFileType = sourcecode.swift; path = preferences.swift; sourceTree = "<group>"; };
		1EDF2945223A8E1900B4F56A /* SettingsScene.swift */ = {isa = PBXFileReference; lastKnownFileType = sourcecode.swift; path = SettingsScene.swift; sourceTree = "<group>"; };
		1EDF2947223A9B1E00B4F56A /* CardSprite.swift */ = {isa = PBXFileReference; lastKnownFileType = sourcecode.swift; path = CardSprite.swift; sourceTree = "<group>"; };
		3CFA092481931CF9C21990FB /* Pods_Memory.framework */ = {isa = PBXFileReference; explicitFileType = wrapper.framework; includeInIndex = 0; path = Pods_Memory.framework; sourceTree = BUILT_PRODUCTS_DIR; };
		CCB368E5C35D4589DB7BA266 /* Pods-Memory.debug.xcconfig */ = {isa = PBXFileReference; includeInIndex = 1; lastKnownFileType = text.xcconfig; name = "Pods-Memory.debug.xcconfig"; path = "Target Support Files/Pods-Memory/Pods-Memory.debug.xcconfig"; sourceTree = "<group>"; };
/* End PBXFileReference section */

/* Begin PBXFrameworksBuildPhase section */
		1E16FC6E2237E10300132EB3 /* Frameworks */ = {
			isa = PBXFrameworksBuildPhase;
			buildActionMask = 2147483647;
			files = (
				3E6DE717C6C5A601CFC60068 /* Pods_Memory.framework in Frameworks */,
			);
			runOnlyForDeploymentPostprocessing = 0;
		};
/* End PBXFrameworksBuildPhase section */

/* Begin PBXGroup section */
		169D0F4D9D378621A5D3F65C /* Frameworks */ = {
			isa = PBXGroup;
			children = (
				3CFA092481931CF9C21990FB /* Pods_Memory.framework */,
			);
			name = Frameworks;
			sourceTree = "<group>";
		};
		1E16FC682237E10300132EB3 = {
			isa = PBXGroup;
			children = (
				1E16FC732237E10300132EB3 /* Memory */,
				1E16FC722237E10300132EB3 /* Products */,
				91BDD620231C41CCA1571619 /* Pods */,
				169D0F4D9D378621A5D3F65C /* Frameworks */,
			);
			sourceTree = "<group>";
		};
		1E16FC722237E10300132EB3 /* Products */ = {
			isa = PBXGroup;
			children = (
				1E16FC712237E10300132EB3 /* Memory.app */,
			);
			name = Products;
			sourceTree = "<group>";
		};
		1E16FC732237E10300132EB3 /* Memory */ = {
			isa = PBXGroup;
			children = (
				1EC5A5362260B33000BCC38F /* Music */,
				1E16FC742237E10300132EB3 /* AppDelegate.swift */,
				1E16FC782237E10300132EB3 /* Actions.sks */,
				1E16FC762237E10300132EB3 /* GameScene.sks */,
				1E16FC7E2237E10300132EB3 /* Main.storyboard */,
				1E16FC812237E10400132EB3 /* Assets.xcassets */,
				1E16FC832237E10400132EB3 /* LaunchScreen.storyboard */,
				1E16FC862237E10400132EB3 /* Info.plist */,
				1E16FC8C2237E16C00132EB3 /* Button.swift */,
				1E16FC902237E94600132EB3 /* ImageButton.swift */,
				1E16FC7C2237E10300132EB3 /* GameViewController.swift */,
				1E16FC7A2237E10300132EB3 /* GameScene.swift */,
				1E16FC8E2237E21100132EB3 /* MenuScene.swift */,
				1EDF2945223A8E1900B4F56A /* SettingsScene.swift */,
				1E0567532271DD0C00C0E136 /* GoogleService-Info.plist */,
				1EDF2947223A9B1E00B4F56A /* CardSprite.swift */,
				1E32A1762243C631000AADAA /* GameLogic.swift */,
				1E32A1782243C707000AADAA /* Card.swift */,
				1E4B1BE2224E547000500F86 /* preferences.swift */,
				1E222143225F69DC0061F0B2 /* Difficulty.swift */,
				1E222145225F73900061F0B2 /* AudioController.swift */,
			);
			path = Memory;
			sourceTree = "<group>";
		};
		1EC5A5362260B33000BCC38F /* Music */ = {
			isa = PBXGroup;
			children = (
				1E05675B2271DE4200C0E136 /* awesomeness.wav */,
				1E0567602271DE4200C0E136 /* card_flip.wav */,
				1E0567632271DE4200C0E136 /* combo.mp3 */,
				1E0567622271DE4200C0E136 /* correct.wav */,
				1E0567612271DE4200C0E136 /* defeat.wav */,
				1E05675C2271DE4200C0E136 /* denied.wav */,
				1E05675F2271DE4200C0E136 /* incorrect.aiff */,
				1E05675D2271DE4200C0E136 /* incorrect.wav */,
				1E05675E2271DE4200C0E136 /* victory.mp3 */,
			);
			path = Music;
			sourceTree = "<group>";
		};
		91BDD620231C41CCA1571619 /* Pods */ = {
			isa = PBXGroup;
			children = (
				CCB368E5C35D4589DB7BA266 /* Pods-Memory.debug.xcconfig */,
				14D9104518B2D8F555E2BE53 /* Pods-Memory.release.xcconfig */,
			);
			path = Pods;
			sourceTree = "<group>";
		};
/* End PBXGroup section */

/* Begin PBXNativeTarget section */
		1E16FC702237E10300132EB3 /* Memory */ = {
			isa = PBXNativeTarget;
			buildConfigurationList = 1E16FC892237E10500132EB3 /* Build configuration list for PBXNativeTarget "Memory" */;
			buildPhases = (
				C7BBEBF23899937D43DF0047 /* [CP] Check Pods Manifest.lock */,
				1E16FC6D2237E10300132EB3 /* Sources */,
				1E16FC6E2237E10300132EB3 /* Frameworks */,
				1E16FC6F2237E10300132EB3 /* Resources */,
				8A1AA18777656995966D8D79 /* [CP] Embed Pods Frameworks */,
			);
			buildRules = (
			);
			dependencies = (
			);
			name = Memory;
			productName = Memory;
			productReference = 1E16FC712237E10300132EB3 /* Memory.app */;
			productType = "com.apple.product-type.application";
		};
/* End PBXNativeTarget section */

/* Begin PBXProject section */
		1E16FC692237E10300132EB3 /* Project object */ = {
			isa = PBXProject;
			attributes = {
				LastSwiftUpdateCheck = 1010;
				LastUpgradeCheck = 1010;
				ORGANIZATIONNAME = "Pau Blanes";
				TargetAttributes = {
					1E16FC702237E10300132EB3 = {
						CreatedOnToolsVersion = 10.1;
					};
				};
			};
			buildConfigurationList = 1E16FC6C2237E10300132EB3 /* Build configuration list for PBXProject "Memory" */;
			compatibilityVersion = "Xcode 9.3";
			developmentRegion = en;
			hasScannedForEncodings = 0;
			knownRegions = (
				en,
				Base,
			);
			mainGroup = 1E16FC682237E10300132EB3;
			productRefGroup = 1E16FC722237E10300132EB3 /* Products */;
			projectDirPath = "";
			projectRoot = "";
			targets = (
				1E16FC702237E10300132EB3 /* Memory */,
			);
		};
/* End PBXProject section */

/* Begin PBXResourcesBuildPhase section */
		1E16FC6F2237E10300132EB3 /* Resources */ = {
			isa = PBXResourcesBuildPhase;
			buildActionMask = 2147483647;
			files = (
				1E0567682271DE4200C0E136 /* incorrect.aiff in Resources */,
				1E16FC802237E10300132EB3 /* Main.storyboard in Resources */,
				1E16FC772237E10300132EB3 /* GameScene.sks in Resources */,
				1E05676C2271DE4200C0E136 /* combo.mp3 in Resources */,
				1E16FC822237E10400132EB3 /* Assets.xcassets in Resources */,
				1E16FC852237E10400132EB3 /* LaunchScreen.storyboard in Resources */,
				1E0567692271DE4200C0E136 /* card_flip.wav in Resources */,
				1E0567662271DE4200C0E136 /* incorrect.wav in Resources */,
				1E0567672271DE4200C0E136 /* victory.mp3 in Resources */,
				1E0567642271DE4200C0E136 /* awesomeness.wav in Resources */,
				1E16FC792237E10300132EB3 /* Actions.sks in Resources */,
				1E05676A2271DE4200C0E136 /* defeat.wav in Resources */,
				1E05676B2271DE4200C0E136 /* correct.wav in Resources */,
				1E0567542271DD0C00C0E136 /* GoogleService-Info.plist in Resources */,
				1E0567652271DE4200C0E136 /* denied.wav in Resources */,
			);
			runOnlyForDeploymentPostprocessing = 0;
		};
/* End PBXResourcesBuildPhase section */

/* Begin PBXShellScriptBuildPhase section */
		8A1AA18777656995966D8D79 /* [CP] Embed Pods Frameworks */ = {
			isa = PBXShellScriptBuildPhase;
			buildActionMask = 2147483647;
			files = (
			);
			inputFileListPaths = (
			);
			inputPaths = (
				"${PODS_ROOT}/Target Support Files/Pods-Memory/Pods-Memory-frameworks.sh",
				"${BUILT_PRODUCTS_DIR}/GoogleUtilities/GoogleUtilities.framework",
				"${BUILT_PRODUCTS_DIR}/nanopb/nanopb.framework",
			);
			name = "[CP] Embed Pods Frameworks";
			outputFileListPaths = (
			);
			outputPaths = (
				"${TARGET_BUILD_DIR}/${FRAMEWORKS_FOLDER_PATH}/GoogleUtilities.framework",
				"${TARGET_BUILD_DIR}/${FRAMEWORKS_FOLDER_PATH}/nanopb.framework",
			);
			runOnlyForDeploymentPostprocessing = 0;
			shellPath = /bin/sh;
			shellScript = "\"${PODS_ROOT}/Target Support Files/Pods-Memory/Pods-Memory-frameworks.sh\"\n";
			showEnvVarsInLog = 0;
		};
		C7BBEBF23899937D43DF0047 /* [CP] Check Pods Manifest.lock */ = {
			isa = PBXShellScriptBuildPhase;
			buildActionMask = 2147483647;
			files = (
			);
			inputFileListPaths = (
			);
			inputPaths = (
				"${PODS_PODFILE_DIR_PATH}/Podfile.lock",
				"${PODS_ROOT}/Manifest.lock",
			);
			name = "[CP] Check Pods Manifest.lock";
			outputFileListPaths = (
			);
			outputPaths = (
				"$(DERIVED_FILE_DIR)/Pods-Memory-checkManifestLockResult.txt",
			);
			runOnlyForDeploymentPostprocessing = 0;
			shellPath = /bin/sh;
			shellScript = "diff \"${PODS_PODFILE_DIR_PATH}/Podfile.lock\" \"${PODS_ROOT}/Manifest.lock\" > /dev/null\nif [ $? != 0 ] ; then\n    # print error to STDERR\n    echo \"error: The sandbox is not in sync with the Podfile.lock. Run 'pod install' or update your CocoaPods installation.\" >&2\n    exit 1\nfi\n# This output is used by Xcode 'outputs' to avoid re-running this script phase.\necho \"SUCCESS\" > \"${SCRIPT_OUTPUT_FILE_0}\"\n";
			showEnvVarsInLog = 0;
		};
/* End PBXShellScriptBuildPhase section */

/* Begin PBXSourcesBuildPhase section */
		1E16FC6D2237E10300132EB3 /* Sources */ = {
			isa = PBXSourcesBuildPhase;
			buildActionMask = 2147483647;
			files = (
				1E16FC7B2237E10300132EB3 /* GameScene.swift in Sources */,
				1E16FC7D2237E10300132EB3 /* GameViewController.swift in Sources */,
				1E222144225F69DC0061F0B2 /* Difficulty.swift in Sources */,
				1EDF2946223A8E1900B4F56A /* SettingsScene.swift in Sources */,
				1E32A1772243C631000AADAA /* GameLogic.swift in Sources */,
				1E16FC8F2237E21100132EB3 /* MenuScene.swift in Sources */,
				1E16FC752237E10300132EB3 /* AppDelegate.swift in Sources */,
				1E4B1BE3224E547000500F86 /* preferences.swift in Sources */,
				1E16FC912237E94600132EB3 /* ImageButton.swift in Sources */,
				1E32A1792243C707000AADAA /* Card.swift in Sources */,
				1E16FC8D2237E16C00132EB3 /* Button.swift in Sources */,
				1E222146225F73900061F0B2 /* AudioController.swift in Sources */,
				1EDF2948223A9B1E00B4F56A /* CardSprite.swift in Sources */,
			);
			runOnlyForDeploymentPostprocessing = 0;
		};
/* End PBXSourcesBuildPhase section */

/* Begin PBXVariantGroup section */
		1E16FC7E2237E10300132EB3 /* Main.storyboard */ = {
			isa = PBXVariantGroup;
			children = (
				1E16FC7F2237E10300132EB3 /* Base */,
			);
			name = Main.storyboard;
			sourceTree = "<group>";
		};
		1E16FC832237E10400132EB3 /* LaunchScreen.storyboard */ = {
			isa = PBXVariantGroup;
			children = (
				1E16FC842237E10400132EB3 /* Base */,
			);
			name = LaunchScreen.storyboard;
			sourceTree = "<group>";
		};
/* End PBXVariantGroup section */

/* Begin XCBuildConfiguration section */
		1E16FC872237E10400132EB3 /* Debug */ = {
			isa = XCBuildConfiguration;
			buildSettings = {
				ALWAYS_SEARCH_USER_PATHS = NO;
				CLANG_ANALYZER_NONNULL = YES;
				CLANG_ANALYZER_NUMBER_OBJECT_CONVERSION = YES_AGGRESSIVE;
				CLANG_CXX_LANGUAGE_STANDARD = "gnu++14";
				CLANG_CXX_LIBRARY = "libc++";
				CLANG_ENABLE_MODULES = YES;
				CLANG_ENABLE_OBJC_ARC = YES;
				CLANG_ENABLE_OBJC_WEAK = YES;
				CLANG_WARN_BLOCK_CAPTURE_AUTORELEASING = YES;
				CLANG_WARN_BOOL_CONVERSION = YES;
				CLANG_WARN_COMMA = YES;
				CLANG_WARN_CONSTANT_CONVERSION = YES;
				CLANG_WARN_DEPRECATED_OBJC_IMPLEMENTATIONS = YES;
				CLANG_WARN_DIRECT_OBJC_ISA_USAGE = YES_ERROR;
				CLANG_WARN_DOCUMENTATION_COMMENTS = YES;
				CLANG_WARN_EMPTY_BODY = YES;
				CLANG_WARN_ENUM_CONVERSION = YES;
				CLANG_WARN_INFINITE_RECURSION = YES;
				CLANG_WARN_INT_CONVERSION = YES;
				CLANG_WARN_NON_LITERAL_NULL_CONVERSION = YES;
				CLANG_WARN_OBJC_IMPLICIT_RETAIN_SELF = YES;
				CLANG_WARN_OBJC_LITERAL_CONVERSION = YES;
				CLANG_WARN_OBJC_ROOT_CLASS = YES_ERROR;
				CLANG_WARN_RANGE_LOOP_ANALYSIS = YES;
				CLANG_WARN_STRICT_PROTOTYPES = YES;
				CLANG_WARN_SUSPICIOUS_MOVE = YES;
				CLANG_WARN_UNGUARDED_AVAILABILITY = YES_AGGRESSIVE;
				CLANG_WARN_UNREACHABLE_CODE = YES;
				CLANG_WARN__DUPLICATE_METHOD_MATCH = YES;
				CODE_SIGN_IDENTITY = "iPhone Developer";
				COPY_PHASE_STRIP = NO;
				DEBUG_INFORMATION_FORMAT = dwarf;
				ENABLE_STRICT_OBJC_MSGSEND = YES;
				ENABLE_TESTABILITY = YES;
				GCC_C_LANGUAGE_STANDARD = gnu11;
				GCC_DYNAMIC_NO_PIC = NO;
				GCC_NO_COMMON_BLOCKS = YES;
				GCC_OPTIMIZATION_LEVEL = 0;
				GCC_PREPROCESSOR_DEFINITIONS = (
					"DEBUG=1",
					"$(inherited)",
				);
				GCC_WARN_64_TO_32_BIT_CONVERSION = YES;
				GCC_WARN_ABOUT_RETURN_TYPE = YES_ERROR;
				GCC_WARN_UNDECLARED_SELECTOR = YES;
				GCC_WARN_UNINITIALIZED_AUTOS = YES_AGGRESSIVE;
				GCC_WARN_UNUSED_FUNCTION = YES;
				GCC_WARN_UNUSED_VARIABLE = YES;
				IPHONEOS_DEPLOYMENT_TARGET = 12.1;
				MTL_ENABLE_DEBUG_INFO = INCLUDE_SOURCE;
				MTL_FAST_MATH = YES;
				ONLY_ACTIVE_ARCH = YES;
				SDKROOT = iphoneos;
				SWIFT_ACTIVE_COMPILATION_CONDITIONS = DEBUG;
				SWIFT_OPTIMIZATION_LEVEL = "-Onone";
			};
			name = Debug;
		};
		1E16FC882237E10400132EB3 /* Release */ = {
			isa = XCBuildConfiguration;
			buildSettings = {
				ALWAYS_SEARCH_USER_PATHS = NO;
				CLANG_ANALYZER_NONNULL = YES;
				CLANG_ANALYZER_NUMBER_OBJECT_CONVERSION = YES_AGGRESSIVE;
				CLANG_CXX_LANGUAGE_STANDARD = "gnu++14";
				CLANG_CXX_LIBRARY = "libc++";
				CLANG_ENABLE_MODULES = YES;
				CLANG_ENABLE_OBJC_ARC = YES;
				CLANG_ENABLE_OBJC_WEAK = YES;
				CLANG_WARN_BLOCK_CAPTURE_AUTORELEASING = YES;
				CLANG_WARN_BOOL_CONVERSION = YES;
				CLANG_WARN_COMMA = YES;
				CLANG_WARN_CONSTANT_CONVERSION = YES;
				CLANG_WARN_DEPRECATED_OBJC_IMPLEMENTATIONS = YES;
				CLANG_WARN_DIRECT_OBJC_ISA_USAGE = YES_ERROR;
				CLANG_WARN_DOCUMENTATION_COMMENTS = YES;
				CLANG_WARN_EMPTY_BODY = YES;
				CLANG_WARN_ENUM_CONVERSION = YES;
				CLANG_WARN_INFINITE_RECURSION = YES;
				CLANG_WARN_INT_CONVERSION = YES;
				CLANG_WARN_NON_LITERAL_NULL_CONVERSION = YES;
				CLANG_WARN_OBJC_IMPLICIT_RETAIN_SELF = YES;
				CLANG_WARN_OBJC_LITERAL_CONVERSION = YES;
				CLANG_WARN_OBJC_ROOT_CLASS = YES_ERROR;
				CLANG_WARN_RANGE_LOOP_ANALYSIS = YES;
				CLANG_WARN_STRICT_PROTOTYPES = YES;
				CLANG_WARN_SUSPICIOUS_MOVE = YES;
				CLANG_WARN_UNGUARDED_AVAILABILITY = YES_AGGRESSIVE;
				CLANG_WARN_UNREACHABLE_CODE = YES;
				CLANG_WARN__DUPLICATE_METHOD_MATCH = YES;
				CODE_SIGN_IDENTITY = "iPhone Developer";
				COPY_PHASE_STRIP = NO;
				DEBUG_INFORMATION_FORMAT = "dwarf-with-dsym";
				ENABLE_NS_ASSERTIONS = NO;
				ENABLE_STRICT_OBJC_MSGSEND = YES;
				GCC_C_LANGUAGE_STANDARD = gnu11;
				GCC_NO_COMMON_BLOCKS = YES;
				GCC_WARN_64_TO_32_BIT_CONVERSION = YES;
				GCC_WARN_ABOUT_RETURN_TYPE = YES_ERROR;
				GCC_WARN_UNDECLARED_SELECTOR = YES;
				GCC_WARN_UNINITIALIZED_AUTOS = YES_AGGRESSIVE;
				GCC_WARN_UNUSED_FUNCTION = YES;
				GCC_WARN_UNUSED_VARIABLE = YES;
				IPHONEOS_DEPLOYMENT_TARGET = 12.1;
				MTL_ENABLE_DEBUG_INFO = NO;
				MTL_FAST_MATH = YES;
				SDKROOT = iphoneos;
				SWIFT_COMPILATION_MODE = wholemodule;
				SWIFT_OPTIMIZATION_LEVEL = "-O";
				VALIDATE_PRODUCT = YES;
			};
			name = Release;
		};
		1E16FC8A2237E10500132EB3 /* Debug */ = {
			isa = XCBuildConfiguration;
			baseConfigurationReference = CCB368E5C35D4589DB7BA266 /* Pods-Memory.debug.xcconfig */;
			buildSettings = {
				ASSETCATALOG_COMPILER_APPICON_NAME = AppIcon;
				CODE_SIGN_STYLE = Automatic;
				INFOPLIST_FILE = Memory/Info.plist;
				LD_RUNPATH_SEARCH_PATHS = (
					"$(inherited)",
					"@executable_path/Frameworks",
				);
				PRODUCT_BUNDLE_IDENTIFIER = com.paublanes.Memory;
				PRODUCT_NAME = "$(TARGET_NAME)";
				SWIFT_VERSION = 4.2;
				TARGETED_DEVICE_FAMILY = "1,2";
			};
			name = Debug;
		};
		1E16FC8B2237E10500132EB3 /* Release */ = {
			isa = XCBuildConfiguration;
			baseConfigurationReference = 14D9104518B2D8F555E2BE53 /* Pods-Memory.release.xcconfig */;
			buildSettings = {
				ASSETCATALOG_COMPILER_APPICON_NAME = AppIcon;
				CODE_SIGN_STYLE = Automatic;
				INFOPLIST_FILE = Memory/Info.plist;
				LD_RUNPATH_SEARCH_PATHS = (
					"$(inherited)",
					"@executable_path/Frameworks",
				);
				PRODUCT_BUNDLE_IDENTIFIER = com.paublanes.Memory;
				PRODUCT_NAME = "$(TARGET_NAME)";
				SWIFT_VERSION = 4.2;
				TARGETED_DEVICE_FAMILY = "1,2";
			};
			name = Release;
		};
/* End XCBuildConfiguration section */

/* Begin XCConfigurationList section */
		1E16FC6C2237E10300132EB3 /* Build configuration list for PBXProject "Memory" */ = {
			isa = XCConfigurationList;
			buildConfigurations = (
				1E16FC872237E10400132EB3 /* Debug */,
				1E16FC882237E10400132EB3 /* Release */,
			);
			defaultConfigurationIsVisible = 0;
			defaultConfigurationName = Release;
		};
		1E16FC892237E10500132EB3 /* Build configuration list for PBXNativeTarget "Memory" */ = {
			isa = XCConfigurationList;
			buildConfigurations = (
				1E16FC8A2237E10500132EB3 /* Debug */,
				1E16FC8B2237E10500132EB3 /* Release */,
			);
			defaultConfigurationIsVisible = 0;
			defaultConfigurationName = Release;
		};
/* End XCConfigurationList section */
	};
	rootObject = 1E16FC692237E10300132EB3 /* Project object */;
}
